{
  "requires": true,
  "lockfileVersion": 1,
  "dependencies": {
    "dotenv": {
      "version": "7.0.0",
      "resolved": "https://registry.npmjs.org/dotenv/-/dotenv-7.0.0.tgz",
      "integrity": "sha512-M3NhsLbV1i6HuGzBUH8vXrtxOk+tWmzWKDMbAVSUp3Zsjm7ywFeuwrUXhmhQyRK1q5B5GGy7hcXPbj3bnfZg2g=="
    },
    "travis": {
      "version": "0.1.1",
      "resolved": "https://registry.npmjs.org/travis/-/travis-0.1.1.tgz",
      "integrity": "sha1-gP4cNvbztzn84H5gY4OM5DY1fWA="
    }
  }
}
